{
  "name": "ipv-trust-and-reuse-test-credentials",
  "version": "1.0.0",
  "lockfileVersion": 3,
  "requires": true,
  "packages": {
    "": {
      "name": "ipv-trust-and-reuse-test-credentials",
      "version": "1.0.0",
      "license": "ISC",
      "dependencies": {
        "@govuk-one-login/data-vocab": "1.9.3"
      },
      "devDependencies": {
        "typescript": "5.9.2"
      }
    },
    "node_modules/@govuk-one-login/data-vocab": {
      "version": "1.9.3",
      "resolved": "https://npm.pkg.github.com/download/@govuk-one-login/data-vocab/1.9.3/fa6de901e9fecc985fca4d91cd9f39e69419bc63",
      "integrity": "sha512-pOwhj9gYkCEci5qRvlXGFT1e/Li250R9+P4kRP9CliEOxTs1GoAJcDUNs60ZKOgSpL24xOQ4NE09uSn6HL5nPw=="
    },
    "node_modules/typescript": {
      "version": "5.9.2",
      "resolved": "https://registry.npmjs.org/typescript/-/typescript-5.9.2.tgz",
      "integrity": "sha512-CWBzXQrc/qOkhidw1OzBTQuYRbfyxDXJMVJ1XNwUHGROVmuaeiEm3OslpZ1RV96d7SKKjZKrSJu3+t/xlw3R9A==",
      "dev": true,
      "license": "Apache-2.0",
      "bin": {
        "tsc": "bin/tsc",
        "tsserver": "bin/tsserver"
      },
      "engines": {
        "node": ">=14.17"
      }
    }
  }
}
